
Microsoft Visual Studio Solution File, Format Version 12.00
# Visual Studio Version 17
VisualStudioVersion = 17.0.31903.59
MinimumVisualStudioVersion = 10.0.40219.1
Project("{2150E333-8FDC-42A3-9474-1A3956D46DE8}") = "NamingConvensions", "NamingConvensions", "{02EA681E-C7D8-13C7-8484-4AC65E1B71E8}"
EndProject
Project("{FAE04EC0-301F-11D3-BF4B-00C04F79EFBC}") = "CodeRules", "NamingConventions\CodeRules\CodeRules.csproj", "{D761B3DF-AE0B-4A6F-A50E-5AFE825A86DC}"
EndProject
Project("{FAE04EC0-301F-11D3-BF4B-00C04F79EFBC}") = "ClassNameAnalyzer", "ClassNameAnalyzer\ClassNameAnalyzer\ClassNameAnalyzer.csproj", "{044A003C-C78F-465B-96F7-5994BFD41372}"
EndProject
Project("{FAE04EC0-301F-11D3-BF4B-00C04F79EFBC}") = "ClassNameAnalyzer.CodeFixes", "ClassNameAnalyzer\ClassNameAnalyzer.CodeFixes\ClassNameAnalyzer.CodeFixes.csproj", "{4D46075E-EE11-4464-ACB4-9EE48994325B}"
EndProject
Project("{FAE04EC0-301F-11D3-BF4B-00C04F79EFBC}") = "ClassNameAnalyzer.Package", "ClassNameAnalyzer\ClassNameAnalyzer.Package\ClassNameAnalyzer.Package.csproj", "{6E330E5F-137B-44E1-9102-FDE3367FAFDA}"
EndProject
Project("{FAE04EC0-301F-11D3-BF4B-00C04F79EFBC}") = "ClassNameAnalyzer.Test", "ClassNameAnalyzer\ClassNameAnalyzer.Test\ClassNameAnalyzer.Test.csproj", "{D4DDD1C3-E2FC-4750-8E3E-AE8D7FFF3F1B}"
EndProject
Project("{FAE04EC0-301F-11D3-BF4B-00C04F79EFBC}") = "ClassNameAnalyzer.Vsix", "ClassNameAnalyzer\ClassNameAnalyzer.Vsix\ClassNameAnalyzer.Vsix.csproj", "{C2E15C74-BC3E-4F27-B9DF-B4397C5C9EAF}"
EndProject
Project("{2150E333-8FDC-42A3-9474-1A3956D46DE8}") = "Extentions", "Extentions", "{067A71E3-5B0B-4F70-9DFE-4E72BB0BAF9C}"
EndProject
Project("{FAE04EC0-301F-11D3-BF4B-00C04F79EFBC}") = "NamesSpaceAnalyzer", "NamesSpaceAnalyzer\NamesSpaceAnalyzer\NamesSpaceAnalyzer.csproj", "{2204FC25-C4F5-42A7-87EE-6302636E0441}"
EndProject
Project("{FAE04EC0-301F-11D3-BF4B-00C04F79EFBC}") = "NamesSpaceAnalyzer.CodeFixes", "NamesSpaceAnalyzer\NamesSpaceAnalyzer.CodeFixes\NamesSpaceAnalyzer.CodeFixes.csproj", "{114B0B0F-CDE8-401A-9F2B-EAF8B0879958}"
EndProject
Project("{FAE04EC0-301F-11D3-BF4B-00C04F79EFBC}") = "NamesSpaceAnalyzer.Package", "NamesSpaceAnalyzer\NamesSpaceAnalyzer.Package\NamesSpaceAnalyzer.Package.csproj", "{389BB6F6-CC37-4470-8D56-CD7CC78A5F4A}"
EndProject
Project("{FAE04EC0-301F-11D3-BF4B-00C04F79EFBC}") = "NamesSpaceAnalyzer.Test", "NamesSpaceAnalyzer\NamesSpaceAnalyzer.Test\NamesSpaceAnalyzer.Test.csproj", "{4031289D-1D8A-4B4F-BBE1-98E306837DC6}"
EndProject
Project("{FAE04EC0-301F-11D3-BF4B-00C04F79EFBC}") = "NamesSpaceAnalyzer.Vsix", "NamesSpaceAnalyzer\NamesSpaceAnalyzer.Vsix\NamesSpaceAnalyzer.Vsix.csproj", "{ABF0571D-4108-4852-8480-F19D795189C8}"
EndProject
Project("{2150E333-8FDC-42A3-9474-1A3956D46DE8}") = "Template", "Template", "{CF8C5349-350B-4863-8A3E-969B015FB146}"
EndProject
Project("{FAE04EC0-301F-11D3-BF4B-00C04F79EFBC}") = "AranghatClassLibrary", "AranghatClassLibrary\AranghatClassLibrary.csproj", "{E228A4AE-3410-4986-A20D-8C4760367AE2}"
EndProject
Project("{FAE04EC0-301F-11D3-BF4B-00C04F79EFBC}") = "NamingConventionsExtended", "NamingConventionsExtended\NamingConventionsExtended.csproj", "{985DD3CA-EB99-43E7-9CE1-5E4D114EFA60}"
EndProject
Project("{FAE04EC0-301F-11D3-BF4B-00C04F79EFBC}") = "SemanticNamingConvention", "SemanticNamingConvention\SemanticNamingConvention.csproj", "{B32140DF-71DB-4383-82D6-0A05CE94D6B0}"
EndProject
Project("{2150E333-8FDC-42A3-9474-1A3956D46DE8}") = "LayeredNaming", "LayeredNaming", "{2AAE5745-6A06-477A-B5AC-9B9C06D94BED}"
EndProject
Project("{FAE04EC0-301F-11D3-BF4B-00C04F79EFBC}") = "api.bookstore.com", "api.bookstore.com\api.bookstore.com.csproj", "{C3766EF2-F876-4863-AD60-49D9686F5097}"
EndProject
Project("{2150E333-8FDC-42A3-9474-1A3956D46DE8}") = "Day 1", "Day 1", "{73F10403-CEC2-41C2-9FC7-E6C84C4782EF}"
EndProject
Project("{2150E333-8FDC-42A3-9474-1A3956D46DE8}") = "Day 2", "Day 2", "{C999C3E3-E85C-4BB0-8C62-92FD079EF804}"
	ProjectSection(SolutionItems) = preProject
		\\Mac\Home\Downloads\CarRentalMessy.md = \\Mac\Home\Downloads\CarRentalMessy.md
		CarRentalMessy.md = CarRentalMessy.md
		ReadMe.md = ReadMe.md
	EndProjectSection
EndProject
Project("{FAE04EC0-301F-11D3-BF4B-00C04F79EFBC}") = "CodeSmellType1", "CodeSmellType1\CodeSmellType1.csproj", "{5A7F8825-203E-4E98-90A5-949AB3156348}"
EndProject
Project("{FAE04EC0-301F-11D3-BF4B-00C04F79EFBC}") = "SolidPrinciplsToCleanCode", "SolidPrinciplsToCleanCode\SolidPrinciplsToCleanCode.csproj", "{6170F2EA-DB58-4BF0-A736-E774B8F9534E}"
EndProject
Project("{2150E333-8FDC-42A3-9474-1A3956D46DE8}") = "Solution Items", "Solution Items", "{8EC462FD-D22E-90A8-E5CE-7E832BA40C5D}"
	ProjectSection(SolutionItems) = preProject
		Refactor.html = Refactor.html
	EndProjectSection
EndProject
Project("{2150E333-8FDC-42A3-9474-1A3956D46DE8}") = "Day 3", "Day 3", "{FB6BD36F-95DC-44B5-AAA6-E1D969665408}"
EndProject
Project("{FAE04EC0-301F-11D3-BF4B-00C04F79EFBC}") = "CleanCodeThroughDesignPatterns", "CleanCodeThroughDesignPatterns\CleanCodeThroughDesignPatterns.csproj", "{FD575BE6-9E31-4F08-A45D-114B22CB039E}"
EndProject
Project("{FAE04EC0-301F-11D3-BF4B-00C04F79EFBC}") = "CheckApplicationPreformance", "CheckApplicationPreformance\CheckApplicationPreformance.csproj", "{922DAD6B-2F26-40C6-9E6C-FF6163E4C108}"
EndProject
Global
	GlobalSection(SolutionConfigurationPlatforms) = preSolution
		Debug|Any CPU = Debug|Any CPU
		Release|Any CPU = Release|Any CPU
	EndGlobalSection
	GlobalSection(ProjectConfigurationPlatforms) = postSolution
		{D761B3DF-AE0B-4A6F-A50E-5AFE825A86DC}.Debug|Any CPU.ActiveCfg = Debug|Any CPU
		{D761B3DF-AE0B-4A6F-A50E-5AFE825A86DC}.Debug|Any CPU.Build.0 = Debug|Any CPU
		{D761B3DF-AE0B-4A6F-A50E-5AFE825A86DC}.Release|Any CPU.ActiveCfg = Release|Any CPU
		{D761B3DF-AE0B-4A6F-A50E-5AFE825A86DC}.Release|Any CPU.Build.0 = Release|Any CPU
		{044A003C-C78F-465B-96F7-5994BFD41372}.Debug|Any CPU.ActiveCfg = Debug|Any CPU
		{044A003C-C78F-465B-96F7-5994BFD41372}.Debug|Any CPU.Build.0 = Debug|Any CPU
		{044A003C-C78F-465B-96F7-5994BFD41372}.Release|Any CPU.ActiveCfg = Release|Any CPU
		{044A003C-C78F-465B-96F7-5994BFD41372}.Release|Any CPU.Build.0 = Release|Any CPU
		{4D46075E-EE11-4464-ACB4-9EE48994325B}.Debug|Any CPU.ActiveCfg = Debug|Any CPU
		{4D46075E-EE11-4464-ACB4-9EE48994325B}.Debug|Any CPU.Build.0 = Debug|Any CPU
		{4D46075E-EE11-4464-ACB4-9EE48994325B}.Release|Any CPU.ActiveCfg = Release|Any CPU
		{4D46075E-EE11-4464-ACB4-9EE48994325B}.Release|Any CPU.Build.0 = Release|Any CPU
		{6E330E5F-137B-44E1-9102-FDE3367FAFDA}.Debug|Any CPU.ActiveCfg = Debug|Any CPU
		{6E330E5F-137B-44E1-9102-FDE3367FAFDA}.Debug|Any CPU.Build.0 = Debug|Any CPU
		{6E330E5F-137B-44E1-9102-FDE3367FAFDA}.Release|Any CPU.ActiveCfg = Release|Any CPU
		{6E330E5F-137B-44E1-9102-FDE3367FAFDA}.Release|Any CPU.Build.0 = Release|Any CPU
		{D4DDD1C3-E2FC-4750-8E3E-AE8D7FFF3F1B}.Debug|Any CPU.ActiveCfg = Debug|Any CPU
		{D4DDD1C3-E2FC-4750-8E3E-AE8D7FFF3F1B}.Debug|Any CPU.Build.0 = Debug|Any CPU
		{D4DDD1C3-E2FC-4750-8E3E-AE8D7FFF3F1B}.Release|Any CPU.ActiveCfg = Release|Any CPU
		{D4DDD1C3-E2FC-4750-8E3E-AE8D7FFF3F1B}.Release|Any CPU.Build.0 = Release|Any CPU
		{C2E15C74-BC3E-4F27-B9DF-B4397C5C9EAF}.Debug|Any CPU.ActiveCfg = Debug|Any CPU
		{C2E15C74-BC3E-4F27-B9DF-B4397C5C9EAF}.Debug|Any CPU.Build.0 = Debug|Any CPU
		{C2E15C74-BC3E-4F27-B9DF-B4397C5C9EAF}.Release|Any CPU.ActiveCfg = Release|Any CPU
		{C2E15C74-BC3E-4F27-B9DF-B4397C5C9EAF}.Release|Any CPU.Build.0 = Release|Any CPU
		{2204FC25-C4F5-42A7-87EE-6302636E0441}.Debug|Any CPU.ActiveCfg = Debug|Any CPU
		{2204FC25-C4F5-42A7-87EE-6302636E0441}.Debug|Any CPU.Build.0 = Debug|Any CPU
		{2204FC25-C4F5-42A7-87EE-6302636E0441}.Release|Any CPU.ActiveCfg = Release|Any CPU
		{2204FC25-C4F5-42A7-87EE-6302636E0441}.Release|Any CPU.Build.0 = Release|Any CPU
		{114B0B0F-CDE8-401A-9F2B-EAF8B0879958}.Debug|Any CPU.ActiveCfg = Debug|Any CPU
		{114B0B0F-CDE8-401A-9F2B-EAF8B0879958}.Debug|Any CPU.Build.0 = Debug|Any CPU
		{114B0B0F-CDE8-401A-9F2B-EAF8B0879958}.Release|Any CPU.ActiveCfg = Release|Any CPU
		{114B0B0F-CDE8-401A-9F2B-EAF8B0879958}.Release|Any CPU.Build.0 = Release|Any CPU
		{389BB6F6-CC37-4470-8D56-CD7CC78A5F4A}.Debug|Any CPU.ActiveCfg = Debug|Any CPU
		{389BB6F6-CC37-4470-8D56-CD7CC78A5F4A}.Debug|Any CPU.Build.0 = Debug|Any CPU
		{389BB6F6-CC37-4470-8D56-CD7CC78A5F4A}.Release|Any CPU.ActiveCfg = Release|Any CPU
		{389BB6F6-CC37-4470-8D56-CD7CC78A5F4A}.Release|Any CPU.Build.0 = Release|Any CPU
		{4031289D-1D8A-4B4F-BBE1-98E306837DC6}.Debug|Any CPU.ActiveCfg = Debug|Any CPU
		{4031289D-1D8A-4B4F-BBE1-98E306837DC6}.Debug|Any CPU.Build.0 = Debug|Any CPU
		{4031289D-1D8A-4B4F-BBE1-98E306837DC6}.Release|Any CPU.ActiveCfg = Release|Any CPU
		{4031289D-1D8A-4B4F-BBE1-98E306837DC6}.Release|Any CPU.Build.0 = Release|Any CPU
		{ABF0571D-4108-4852-8480-F19D795189C8}.Debug|Any CPU.ActiveCfg = Debug|Any CPU
		{ABF0571D-4108-4852-8480-F19D795189C8}.Debug|Any CPU.Build.0 = Debug|Any CPU
		{ABF0571D-4108-4852-8480-F19D795189C8}.Release|Any CPU.ActiveCfg = Release|Any CPU
		{ABF0571D-4108-4852-8480-F19D795189C8}.Release|Any CPU.Build.0 = Release|Any CPU
		{E228A4AE-3410-4986-A20D-8C4760367AE2}.Debug|Any CPU.ActiveCfg = Debug|Any CPU
		{E228A4AE-3410-4986-A20D-8C4760367AE2}.Debug|Any CPU.Build.0 = Debug|Any CPU
		{E228A4AE-3410-4986-A20D-8C4760367AE2}.Release|Any CPU.ActiveCfg = Release|Any CPU
		{E228A4AE-3410-4986-A20D-8C4760367AE2}.Release|Any CPU.Build.0 = Release|Any CPU
		{985DD3CA-EB99-43E7-9CE1-5E4D114EFA60}.Debug|Any CPU.ActiveCfg = Debug|Any CPU
		{985DD3CA-EB99-43E7-9CE1-5E4D114EFA60}.Debug|Any CPU.Build.0 = Debug|Any CPU
		{985DD3CA-EB99-43E7-9CE1-5E4D114EFA60}.Release|Any CPU.ActiveCfg = Release|Any CPU
		{985DD3CA-EB99-43E7-9CE1-5E4D114EFA60}.Release|Any CPU.Build.0 = Release|Any CPU
		{B32140DF-71DB-4383-82D6-0A05CE94D6B0}.Debug|Any CPU.ActiveCfg = Debug|Any CPU
		{B32140DF-71DB-4383-82D6-0A05CE94D6B0}.Debug|Any CPU.Build.0 = Debug|Any CPU
		{B32140DF-71DB-4383-82D6-0A05CE94D6B0}.Release|Any CPU.ActiveCfg = Release|Any CPU
		{B32140DF-71DB-4383-82D6-0A05CE94D6B0}.Release|Any CPU.Build.0 = Release|Any CPU
		{C3766EF2-F876-4863-AD60-49D9686F5097}.Debug|Any CPU.ActiveCfg = Debug|Any CPU
		{C3766EF2-F876-4863-AD60-49D9686F5097}.Debug|Any CPU.Build.0 = Debug|Any CPU
		{C3766EF2-F876-4863-AD60-49D9686F5097}.Release|Any CPU.ActiveCfg = Release|Any CPU
		{C3766EF2-F876-4863-AD60-49D9686F5097}.Release|Any CPU.Build.0 = Release|Any CPU
		{5A7F8825-203E-4E98-90A5-949AB3156348}.Debug|Any CPU.ActiveCfg = Debug|Any CPU
		{5A7F8825-203E-4E98-90A5-949AB3156348}.Debug|Any CPU.Build.0 = Debug|Any CPU
		{5A7F8825-203E-4E98-90A5-949AB3156348}.Release|Any CPU.ActiveCfg = Release|Any CPU
		{5A7F8825-203E-4E98-90A5-949AB3156348}.Release|Any CPU.Build.0 = Release|Any CPU
		{6170F2EA-DB58-4BF0-A736-E774B8F9534E}.Debug|Any CPU.ActiveCfg = Debug|Any CPU
		{6170F2EA-DB58-4BF0-A736-E774B8F9534E}.Debug|Any CPU.Build.0 = Debug|Any CPU
		{6170F2EA-DB58-4BF0-A736-E774B8F9534E}.Release|Any CPU.ActiveCfg = Release|Any CPU
		{6170F2EA-DB58-4BF0-A736-E774B8F9534E}.Release|Any CPU.Build.0 = Release|Any CPU
		{FD575BE6-9E31-4F08-A45D-114B22CB039E}.Debug|Any CPU.ActiveCfg = Debug|Any CPU
		{FD575BE6-9E31-4F08-A45D-114B22CB039E}.Debug|Any CPU.Build.0 = Debug|Any CPU
		{FD575BE6-9E31-4F08-A45D-114B22CB039E}.Release|Any CPU.ActiveCfg = Release|Any CPU
		{FD575BE6-9E31-4F08-A45D-114B22CB039E}.Release|Any CPU.Build.0 = Release|Any CPU
		{922DAD6B-2F26-40C6-9E6C-FF6163E4C108}.Debug|Any CPU.ActiveCfg = Debug|Any CPU
		{922DAD6B-2F26-40C6-9E6C-FF6163E4C108}.Debug|Any CPU.Build.0 = Debug|Any CPU
		{922DAD6B-2F26-40C6-9E6C-FF6163E4C108}.Release|Any CPU.ActiveCfg = Release|Any CPU
		{922DAD6B-2F26-40C6-9E6C-FF6163E4C108}.Release|Any CPU.Build.0 = Release|Any CPU
	EndGlobalSection
	GlobalSection(SolutionProperties) = preSolution
		HideSolutionNode = FALSE
	EndGlobalSection
	GlobalSection(NestedProjects) = preSolution
		{02EA681E-C7D8-13C7-8484-4AC65E1B71E8} = {73F10403-CEC2-41C2-9FC7-E6C84C4782EF}
		{D761B3DF-AE0B-4A6F-A50E-5AFE825A86DC} = {02EA681E-C7D8-13C7-8484-4AC65E1B71E8}
		{044A003C-C78F-465B-96F7-5994BFD41372} = {02EA681E-C7D8-13C7-8484-4AC65E1B71E8}
		{4D46075E-EE11-4464-ACB4-9EE48994325B} = {02EA681E-C7D8-13C7-8484-4AC65E1B71E8}
		{6E330E5F-137B-44E1-9102-FDE3367FAFDA} = {02EA681E-C7D8-13C7-8484-4AC65E1B71E8}
		{D4DDD1C3-E2FC-4750-8E3E-AE8D7FFF3F1B} = {02EA681E-C7D8-13C7-8484-4AC65E1B71E8}
		{C2E15C74-BC3E-4F27-B9DF-B4397C5C9EAF} = {02EA681E-C7D8-13C7-8484-4AC65E1B71E8}
		{067A71E3-5B0B-4F70-9DFE-4E72BB0BAF9C} = {73F10403-CEC2-41C2-9FC7-E6C84C4782EF}
		{2204FC25-C4F5-42A7-87EE-6302636E0441} = {067A71E3-5B0B-4F70-9DFE-4E72BB0BAF9C}
		{114B0B0F-CDE8-401A-9F2B-EAF8B0879958} = {067A71E3-5B0B-4F70-9DFE-4E72BB0BAF9C}
		{389BB6F6-CC37-4470-8D56-CD7CC78A5F4A} = {067A71E3-5B0B-4F70-9DFE-4E72BB0BAF9C}
		{4031289D-1D8A-4B4F-BBE1-98E306837DC6} = {067A71E3-5B0B-4F70-9DFE-4E72BB0BAF9C}
		{ABF0571D-4108-4852-8480-F19D795189C8} = {067A71E3-5B0B-4F70-9DFE-4E72BB0BAF9C}
		{CF8C5349-350B-4863-8A3E-969B015FB146} = {73F10403-CEC2-41C2-9FC7-E6C84C4782EF}
		{E228A4AE-3410-4986-A20D-8C4760367AE2} = {CF8C5349-350B-4863-8A3E-969B015FB146}
		{985DD3CA-EB99-43E7-9CE1-5E4D114EFA60} = {02EA681E-C7D8-13C7-8484-4AC65E1B71E8}
		{B32140DF-71DB-4383-82D6-0A05CE94D6B0} = {02EA681E-C7D8-13C7-8484-4AC65E1B71E8}
		{2AAE5745-6A06-477A-B5AC-9B9C06D94BED} = {73F10403-CEC2-41C2-9FC7-E6C84C4782EF}
		{C3766EF2-F876-4863-AD60-49D9686F5097} = {2AAE5745-6A06-477A-B5AC-9B9C06D94BED}
		{5A7F8825-203E-4E98-90A5-949AB3156348} = {C999C3E3-E85C-4BB0-8C62-92FD079EF804}
		{6170F2EA-DB58-4BF0-A736-E774B8F9534E} = {C999C3E3-E85C-4BB0-8C62-92FD079EF804}
		{FD575BE6-9E31-4F08-A45D-114B22CB039E} = {FB6BD36F-95DC-44B5-AAA6-E1D969665408}
		{922DAD6B-2F26-40C6-9E6C-FF6163E4C108} = {FB6BD36F-95DC-44B5-AAA6-E1D969665408}
	EndGlobalSection
	GlobalSection(ExtensibilityGlobals) = postSolution
		SolutionGuid = {B59D8D9C-8C2D-49D7-987F-36230AFE6AD6}
	EndGlobalSection
EndGlobal
